
Microsoft Visual Studio Solution File, Format Version 12.00
# Visual Studio 15
VisualStudioVersion = 15.0.27703.2042
MinimumVisualStudioVersion = 10.0.40219.1
Project("{2150E333-8FDC-42A3-9474-1A3956D46DE8}") = "HwProj.AuthService", "HwProj.AuthService", "{D7F8BC73-A6CB-4E07-984D-2D65B740BC69}"
EndProject
Project("{9A19103F-16F7-4668-BE54-9A1E7A4F7556}") = "HwProj.AuthService.API", "HwProj.AuthService\HwProj.AuthService.API\HwProj.AuthService.API.csproj", "{7ECE830B-68EA-4BA3-BDEC-0D1E9FACB19A}"
EndProject
Project("{9A19103F-16F7-4668-BE54-9A1E7A4F7556}") = "HwProj.APIGateway", "HwProj.APIGateway\HwProj.APIGateway.csproj", "{61AA6120-CFF1-4E01-AA7A-E6775BC23B7E}"
EndProject
Project("{FAE04EC0-301F-11D3-BF4B-00C04F79EFBC}") = "APIGateway.Tests", "APIGateway.Tests\APIGateway.Tests.csproj", "{FF2C1CFA-C8FD-4970-8BF4-D113DB041D22}"
EndProject
Global
	GlobalSection(SolutionConfigurationPlatforms) = preSolution
		Debug|Any CPU = Debug|Any CPU
		Release|Any CPU = Release|Any CPU
	EndGlobalSection
	GlobalSection(ProjectConfigurationPlatforms) = postSolution
		{7ECE830B-68EA-4BA3-BDEC-0D1E9FACB19A}.Debug|Any CPU.ActiveCfg = Debug|Any CPU
		{7ECE830B-68EA-4BA3-BDEC-0D1E9FACB19A}.Debug|Any CPU.Build.0 = Debug|Any CPU
		{7ECE830B-68EA-4BA3-BDEC-0D1E9FACB19A}.Release|Any CPU.ActiveCfg = Release|Any CPU
		{7ECE830B-68EA-4BA3-BDEC-0D1E9FACB19A}.Release|Any CPU.Build.0 = Release|Any CPU
		{61AA6120-CFF1-4E01-AA7A-E6775BC23B7E}.Debug|Any CPU.ActiveCfg = Debug|Any CPU
		{61AA6120-CFF1-4E01-AA7A-E6775BC23B7E}.Debug|Any CPU.Build.0 = Debug|Any CPU
		{61AA6120-CFF1-4E01-AA7A-E6775BC23B7E}.Release|Any CPU.ActiveCfg = Release|Any CPU
		{61AA6120-CFF1-4E01-AA7A-E6775BC23B7E}.Release|Any CPU.Build.0 = Release|Any CPU
		{FF2C1CFA-C8FD-4970-8BF4-D113DB041D22}.Debug|Any CPU.ActiveCfg = Debug|Any CPU
		{FF2C1CFA-C8FD-4970-8BF4-D113DB041D22}.Debug|Any CPU.Build.0 = Debug|Any CPU
		{FF2C1CFA-C8FD-4970-8BF4-D113DB041D22}.Release|Any CPU.ActiveCfg = Release|Any CPU
		{FF2C1CFA-C8FD-4970-8BF4-D113DB041D22}.Release|Any CPU.Build.0 = Release|Any CPU
	EndGlobalSection
	GlobalSection(SolutionProperties) = preSolution
		HideSolutionNode = FALSE
	EndGlobalSection
	GlobalSection(NestedProjects) = preSolution
		{7ECE830B-68EA-4BA3-BDEC-0D1E9FACB19A} = {D7F8BC73-A6CB-4E07-984D-2D65B740BC69}
	EndGlobalSection
	GlobalSection(ExtensibilityGlobals) = postSolution
		SolutionGuid = {C03BF138-4A5B-4261-9495-6D3AC6CE9779}
	EndGlobalSection
EndGlobal
